
Microsoft Visual Studio Solution File, Format Version 12.00
# Visual Studio Version 17
VisualStudioVersion = 17.11.35431.28
MinimumVisualStudioVersion = 10.0.40219.1
Project("{9A19103F-16F7-4668-BE54-9A1E7A4F7556}") = "EmployeeService", "HRManagementService\EmployeeService.csproj", "{2F5C43D7-60BA-45D7-8520-92F456EA00C7}"
EndProject
Project("{9A19103F-16F7-4668-BE54-9A1E7A4F7556}") = "AuthService", "AuthService\AuthService.csproj", "{EC1710D5-4531-4E59-A63F-48F38B016351}"
EndProject
Project("{9A19103F-16F7-4668-BE54-9A1E7A4F7556}") = "CommonSharedLibraries", "SharedModels\CommonSharedLibraries.csproj", "{B4B29C44-CA90-4347-8F97-B93F65D30159}"
EndProject
Project("{9A19103F-16F7-4668-BE54-9A1E7A4F7556}") = "LeaveManagementService", "LeaveManagementService\LeaveManagementService.csproj", "{49304945-32B2-4990-9EF8-3C99B6B4F9C0}"
EndProject
Project("{FAE04EC0-301F-11D3-BF4B-00C04F79EFBC}") = "APIGateway", "APIGateway\APIGateway.csproj", "{8D1206BA-99A9-486C-AA26-D20C3AE4E962}"
EndProject
Global
	GlobalSection(SolutionConfigurationPlatforms) = preSolution
		Debug|Any CPU = Debug|Any CPU
		Release|Any CPU = Release|Any CPU
	EndGlobalSection
	GlobalSection(ProjectConfigurationPlatforms) = postSolution
		{2F5C43D7-60BA-45D7-8520-92F456EA00C7}.Debug|Any CPU.ActiveCfg = Debug|Any CPU
		{2F5C43D7-60BA-45D7-8520-92F456EA00C7}.Debug|Any CPU.Build.0 = Debug|Any CPU
		{2F5C43D7-60BA-45D7-8520-92F456EA00C7}.Release|Any CPU.ActiveCfg = Release|Any CPU
		{2F5C43D7-60BA-45D7-8520-92F456EA00C7}.Release|Any CPU.Build.0 = Release|Any CPU
		{EC1710D5-4531-4E59-A63F-48F38B016351}.Debug|Any CPU.ActiveCfg = Debug|Any CPU
		{EC1710D5-4531-4E59-A63F-48F38B016351}.Debug|Any CPU.Build.0 = Debug|Any CPU
		{EC1710D5-4531-4E59-A63F-48F38B016351}.Release|Any CPU.ActiveCfg = Release|Any CPU
		{EC1710D5-4531-4E59-A63F-48F38B016351}.Release|Any CPU.Build.0 = Release|Any CPU
		{B4B29C44-CA90-4347-8F97-B93F65D30159}.Debug|Any CPU.ActiveCfg = Debug|Any CPU
		{B4B29C44-CA90-4347-8F97-B93F65D30159}.Debug|Any CPU.Build.0 = Debug|Any CPU
		{B4B29C44-CA90-4347-8F97-B93F65D30159}.Release|Any CPU.ActiveCfg = Release|Any CPU
		{B4B29C44-CA90-4347-8F97-B93F65D30159}.Release|Any CPU.Build.0 = Release|Any CPU
		{49304945-32B2-4990-9EF8-3C99B6B4F9C0}.Debug|Any CPU.ActiveCfg = Debug|Any CPU
		{49304945-32B2-4990-9EF8-3C99B6B4F9C0}.Debug|Any CPU.Build.0 = Debug|Any CPU
		{49304945-32B2-4990-9EF8-3C99B6B4F9C0}.Release|Any CPU.ActiveCfg = Release|Any CPU
		{49304945-32B2-4990-9EF8-3C99B6B4F9C0}.Release|Any CPU.Build.0 = Release|Any CPU
		{8D1206BA-99A9-486C-AA26-D20C3AE4E962}.Debug|Any CPU.ActiveCfg = Debug|Any CPU
		{8D1206BA-99A9-486C-AA26-D20C3AE4E962}.Debug|Any CPU.Build.0 = Debug|Any CPU
		{8D1206BA-99A9-486C-AA26-D20C3AE4E962}.Release|Any CPU.ActiveCfg = Release|Any CPU
		{8D1206BA-99A9-486C-AA26-D20C3AE4E962}.Release|Any CPU.Build.0 = Release|Any CPU
	EndGlobalSection
	GlobalSection(SolutionProperties) = preSolution
		HideSolutionNode = FALSE
	EndGlobalSection
	GlobalSection(ExtensibilityGlobals) = postSolution
		SolutionGuid = {43990F78-27A8-45AF-B8E9-F384110A0602}
	EndGlobalSection
EndGlobal
